
Microsoft Visual Studio Solution File, Format Version 12.00
Project("{F2A71F9B-5D33-465A-A702-920D77279786}") = "ScrumServiceFSharp", "ScrumServiceFSharp\ScrumServiceFSharp.fsproj", "{71A30F40-044F-41E5-AE80-8AF33776AF6C}"
EndProject
Global
	GlobalSection(SolutionConfigurationPlatforms) = preSolution
		Debug|Any CPU = Debug|Any CPU
		Release|Any CPU = Release|Any CPU
	EndGlobalSection
	GlobalSection(ProjectConfigurationPlatforms) = postSolution
		{71A30F40-044F-41E5-AE80-8AF33776AF6C}.Debug|Any CPU.ActiveCfg = Debug|Any CPU
		{71A30F40-044F-41E5-AE80-8AF33776AF6C}.Debug|Any CPU.Build.0 = Debug|Any CPU
		{71A30F40-044F-41E5-AE80-8AF33776AF6C}.Release|Any CPU.ActiveCfg = Release|Any CPU
		{71A30F40-044F-41E5-AE80-8AF33776AF6C}.Release|Any CPU.Build.0 = Release|Any CPU
	EndGlobalSection
EndGlobal
